<?xml version="1.0" encoding="utf-8"?>
<Project ToolsVersion="4.0" xmlns="http://schemas.microsoft.com/developer/msbuild/2003">
  <ItemGroup>
    <Filter Include="Source Files">
      <UniqueIdentifier>{4FC737F1-C7A5-4376-A066-2A32D752A2FF}</UniqueIdentifier>
      <Extensions>cpp;c;cc;cxx;def;odl;idl;hpj;bat;asm;asmx</Extensions>
    </Filter>
    <Filter Include="Header Files">
      <UniqueIdentifier>{93995380-89BD-4b04-88EB-625FBE52EBFB}</UniqueIdentifier>
      <Extensions>h;hh;hpp;hxx;hm;inl;inc;xsd</Extensions>
    </Filter>
    <Filter Include="GamePointer">
      <UniqueIdentifier>{779a28c4-cd83-4748-864c-3b0d989bb8e0}</UniqueIdentifier>
    </Filter>
    <Filter Include="Library">
      <UniqueIdentifier>{78e71532-b240-41a4-aeb9-7ded5a2b794f}</UniqueIdentifier>
    </Filter>
    <Filter Include="Library\Tools">
      <UniqueIdentifier>{2f4562d5-0bff-46ee-b78a-69baa3083d5a}</UniqueIdentifier>
    </Filter>
    <Filter Include="ExternalLibrary">
      <UniqueIdentifier>{b39cdca9-ce9f-4eb1-8aba-6fb009288890}</UniqueIdentifier>
    </Filter>
    <Filter Include="Library\Base">
      <UniqueIdentifier>{38406144-a7d3-42a0-ab09-5f4460795219}</UniqueIdentifier>
    </Filter>
    <Filter Include="ExternalLibrary\TinyCRL">
      <UniqueIdentifier>{1887a29c-c17c-4639-8423-d7203c6bc516}</UniqueIdentifier>
    </Filter>
    <Filter Include="Library\Exceptions">
      <UniqueIdentifier>{19bf24b7-9a25-4eb4-9b05-459032e10f49}</UniqueIdentifier>
    </Filter>
    <Filter Include="HackEngine">
      <UniqueIdentifier>{72a324e6-2e5c-44ca-a5a6-5f8c1f0ee124}</UniqueIdentifier>
    </Filter>
    <Filter Include="ExternalLibrary\BaseMath">
      <UniqueIdentifier>{c5166dde-997d-45d2-8ef3-1bd58dc0e9cc}</UniqueIdentifier>
    </Filter>
    <Filter Include="Library\Math">
      <UniqueIdentifier>{716d8e9b-3360-42d9-8041-4d6a8c239ccb}</UniqueIdentifier>
    </Filter>
  </ItemGroup>
  <ItemGroup>
    <ClCompile Include="GamePointer.cpp">
      <Filter>GamePointer</Filter>
    </ClCompile>
    <ClCompile Include="GameOffset.cpp">
      <Filter>GamePointer</Filter>
    </ClCompile>
    <ClCompile Include="GameFunction.cpp">
      <Filter>GamePointer</Filter>
    </ClCompile>
    <ClCompile Include="ModuleTools.cpp">
      <Filter>Library\Tools</Filter>
    </ClCompile>
    <ClCompile Include="MemoryTools.cpp">
      <Filter>Library\Tools</Filter>
    </ClCompile>
    <ClCompile Include="Base.cpp">
      <Filter>Library\Base</Filter>
    </ClCompile>
    <ClCompile Include="main.cpp">
      <Filter>Source Files</Filter>
    </ClCompile>
    <ClCompile Include="Exceptions.cpp">
      <Filter>Library\Exceptions</Filter>
    </ClCompile>
    <ClCompile Include="HackEngine.cpp">
      <Filter>HackEngine</Filter>
    </ClCompile>
    <ClCompile Include="AimEngine.cpp">
      <Filter>HackEngine</Filter>
    </ClCompile>
    <ClCompile Include="PlayerEngine.cpp">
      <Filter>HackEngine</Filter>
    </ClCompile>
    <ClCompile Include="..\..\..\..\..\Library\BaseMath\BaseMath.cpp">
      <Filter>ExternalLibrary\BaseMath</Filter>
    </ClCompile>
    <ClCompile Include="..\..\..\..\..\Library\BaseMath\BaseMatrix.cpp">
      <Filter>ExternalLibrary\BaseMath</Filter>
    </ClCompile>
    <ClCompile Include="Math.cpp">
      <Filter>Library\Math</Filter>
    </ClCompile>
    <ClCompile Include="WeaponEngine.cpp">
      <Filter>HackEngine</Filter>
    </ClCompile>
  </ItemGroup>
  <ItemGroup>
    <ClInclude Include="GamePointer.h">
      <Filter>GamePointer</Filter>
    </ClInclude>
    <ClInclude Include="GameOffset.h">
      <Filter>GamePointer</Filter>
    </ClInclude>
    <ClInclude Include="GameFunction.h">
      <Filter>GamePointer</Filter>
    </ClInclude>
    <ClInclude Include="ModuleTools.h">
      <Filter>Library\Tools</Filter>
    </ClInclude>
    <ClInclude Include="MemoryTools.h">
      <Filter>Library\Tools</Filter>
    </ClInclude>
    <ClInclude Include="Base.h">
      <Filter>Library\Base</Filter>
    </ClInclude>
    <ClInclude Include="GlobalVariables.h">
      <Filter>Header Files</Filter>
    </ClInclude>
    <ClInclude Include="GameClasses.h">
      <Filter>Header Files</Filter>
    </ClInclude>
    <ClInclude Include="..\..\..\..\..\Library\TinyCRL\libct.h">
      <Filter>ExternalLibrary\TinyCRL</Filter>
    </ClInclude>
    <ClInclude Include="Exceptions.h">
      <Filter>Library\Exceptions</Filter>
    </ClInclude>
    <ClInclude Include="HackEngine.h">
      <Filter>HackEngine</Filter>
    </ClInclude>
    <ClInclude Include="Mask.h">
      <Filter>Header Files</Filter>
    </ClInclude>
    <ClInclude Include="AimEngine.h">
      <Filter>HackEngine</Filter>
    </ClInclude>
    <ClInclude Include="PlayerEngine.h">
      <Filter>HackEngine</Filter>
    </ClInclude>
    <ClInclude Include="..\..\..\..\..\Library\BaseMath\BaseMath.h">
      <Filter>ExternalLibrary\BaseMath</Filter>
    </ClInclude>
    <ClInclude Include="..\..\..\..\..\Library\BaseMath\BaseMatrix.h">
      <Filter>ExternalLibrary\BaseMath</Filter>
    </ClInclude>
    <ClInclude Include="..\..\..\..\..\Library\BaseMath\BaseQuaternion.h">
      <Filter>ExternalLibrary\BaseMath</Filter>
    </ClInclude>
    <ClInclude Include="..\..\..\..\..\Library\BaseMath\BaseRect.h">
      <Filter>ExternalLibrary\BaseMath</Filter>
    </ClInclude>
    <ClInclude Include="..\..\..\..\..\Library\BaseMath\BaseSize.h">
      <Filter>ExternalLibrary\BaseMath</Filter>
    </ClInclude>
    <ClInclude Include="..\..\..\..\..\Library\BaseMath\BaseVector.h">
      <Filter>ExternalLibrary\BaseMath</Filter>
    </ClInclude>
    <ClInclude Include="Math.h">
      <Filter>Library\Math</Filter>
    </ClInclude>
    <ClInclude Include="WeaponEngine.h">
      <Filter>HackEngine</Filter>
    </ClInclude>
  </ItemGroup>
  <ItemGroup>
    <Text Include="Mask.txt">
      <Filter>Header Files</Filter>
    </Text>
  </ItemGroup>
</Project>